
Microsoft Visual Studio Solution File, Format Version 12.00
# Visual Studio Version 17
VisualStudioVersion = 17.4.33213.308
MinimumVisualStudioVersion = 10.0.40219.1
Project("{FAE04EC0-301F-11D3-BF4B-00C04F79EFBC}") = "FileSortedApp", "FileSortedApp.csproj", "{5844FAEA-5828-4F59-9397-9561C7743E4A}"
EndProject
Global
	GlobalSection(SolutionConfigurationPlatforms) = preSolution
		Debug|Any CPU = Debug|Any CPU
		Release|Any CPU = Release|Any CPU
	EndGlobalSection
	GlobalSection(ProjectConfigurationPlatforms) = postSolution
		{5844FAEA-5828-4F59-9397-9561C7743E4A}.Debug|Any CPU.ActiveCfg = Debug|Any CPU
		{5844FAEA-5828-4F59-9397-9561C7743E4A}.Debug|Any CPU.Build.0 = Debug|Any CPU
		{5844FAEA-5828-4F59-9397-9561C7743E4A}.Release|Any CPU.ActiveCfg = Release|Any CPU
		{5844FAEA-5828-4F59-9397-9561C7743E4A}.Release|Any CPU.Build.0 = Release|Any CPU
	EndGlobalSection
	GlobalSection(SolutionProperties) = preSolution
		HideSolutionNode = FALSE
	EndGlobalSection
	GlobalSection(ExtensibilityGlobals) = postSolution
		SolutionGuid = {A483DD8C-BAAF-435E-9014-520A19A057B4}
	EndGlobalSection
EndGlobal
